// !$*UTF8*$!
{
	archiveVersion = 1;
	classes = {
	};
	objectVersion = 56;
	objects = {

/* Begin PBXBuildFile section */
		87BAB5982C32F73D0065AAE0 /* RickpositoryApp.swift in Sources */ = {isa = PBXBuildFile; fileRef = 87BAB5972C32F73D0065AAE0 /* RickpositoryApp.swift */; };
		87BAB59A2C32F73D0065AAE0 /* ContentView.swift in Sources */ = {isa = PBXBuildFile; fileRef = 87BAB5992C32F73D0065AAE0 /* ContentView.swift */; };
		87BAB59C2C32F73E0065AAE0 /* Assets.xcassets in Resources */ = {isa = PBXBuildFile; fileRef = 87BAB59B2C32F73E0065AAE0 /* Assets.xcassets */; };
		87BAB59F2C32F73E0065AAE0 /* Preview Assets.xcassets in Resources */ = {isa = PBXBuildFile; fileRef = 87BAB59E2C32F73E0065AAE0 /* Preview Assets.xcassets */; };
		87BAB5C02C32FCAA0065AAE0 /* RealmSwift in Frameworks */ = {isa = PBXBuildFile; productRef = 87BAB5BF2C32FCAA0065AAE0 /* RealmSwift */; };
		87BAB5C32C32FD4B0065AAE0 /* Alamofire in Frameworks */ = {isa = PBXBuildFile; productRef = 87BAB5C22C32FD4B0065AAE0 /* Alamofire */; };
		87BAB5C82C32FE470065AAE0 /* RickRepository.swift in Sources */ = {isa = PBXBuildFile; fileRef = 87BAB5C72C32FE470065AAE0 /* RickRepository.swift */; };
		87BAB5D12C32FEE10065AAE0 /* CharacterModel.swift in Sources */ = {isa = PBXBuildFile; fileRef = 87BAB5D02C32FEE10065AAE0 /* CharacterModel.swift */; };
		87BAB5D42C32FF500065AAE0 /* CharacterResponse.swift in Sources */ = {isa = PBXBuildFile; fileRef = 87BAB5D32C32FF500065AAE0 /* CharacterResponse.swift */; };
		87BAB5D62C32FF6C0065AAE0 /* RemoteDataSource.swift in Sources */ = {isa = PBXBuildFile; fileRef = 87BAB5D52C32FF6C0065AAE0 /* RemoteDataSource.swift */; };
		87BAB5DB2C32FFCF0065AAE0 /* APICall.swift in Sources */ = {isa = PBXBuildFile; fileRef = 87BAB5DA2C32FFCF0065AAE0 /* APICall.swift */; };
		87BAB5DE2C3300AC0065AAE0 /* CustomError.swift in Sources */ = {isa = PBXBuildFile; fileRef = 87BAB5DD2C3300AC0065AAE0 /* CustomError.swift */; };
		87BAB5E12C3302110065AAE0 /* CharacterEntity.swift in Sources */ = {isa = PBXBuildFile; fileRef = 87BAB5E02C3302110065AAE0 /* CharacterEntity.swift */; };
		87BAB5E32C3302270065AAE0 /* LocalDataSource.swift in Sources */ = {isa = PBXBuildFile; fileRef = 87BAB5E22C3302270065AAE0 /* LocalDataSource.swift */; };
		87BAB5E52C33039A0065AAE0 /* CharacterMapper.swift in Sources */ = {isa = PBXBuildFile; fileRef = 87BAB5E42C33039A0065AAE0 /* CharacterMapper.swift */; };
		87BAB5E72C33071B0065AAE0 /* Injection.swift in Sources */ = {isa = PBXBuildFile; fileRef = 87BAB5E62C33071B0065AAE0 /* Injection.swift */; };
		87BAB5E92C3307570065AAE0 /* HomeInteractor.swift in Sources */ = {isa = PBXBuildFile; fileRef = 87BAB5E82C3307570065AAE0 /* HomeInteractor.swift */; };
		87BAB5EB2C3307B20065AAE0 /* DetailInteractor.swift in Sources */ = {isa = PBXBuildFile; fileRef = 87BAB5EA2C3307B20065AAE0 /* DetailInteractor.swift */; };
		87BAB5EF2C3308AC0065AAE0 /* HomeView.swift in Sources */ = {isa = PBXBuildFile; fileRef = 87BAB5EE2C3308AC0065AAE0 /* HomeView.swift */; };
		87BAB5F22C33094B0065AAE0 /* HomeViewModel.swift in Sources */ = {isa = PBXBuildFile; fileRef = 87BAB5F12C33094B0065AAE0 /* HomeViewModel.swift */; };
		87BAB5F42C33099E0065AAE0 /* HomeRouter.swift in Sources */ = {isa = PBXBuildFile; fileRef = 87BAB5F32C33099E0065AAE0 /* HomeRouter.swift */; };
		87BAB5F72C330A4A0065AAE0 /* DetailView.swift in Sources */ = {isa = PBXBuildFile; fileRef = 87BAB5F62C330A4A0065AAE0 /* DetailView.swift */; };
		87BAB5F92C330A5A0065AAE0 /* DetailViewModel.swift in Sources */ = {isa = PBXBuildFile; fileRef = 87BAB5F82C330A5A0065AAE0 /* DetailViewModel.swift */; };
		87BAB5FB2C330A620065AAE0 /* DetailRouter.swift in Sources */ = {isa = PBXBuildFile; fileRef = 87BAB5FA2C330A620065AAE0 /* DetailRouter.swift */; };
		87BAB5FD2C3310B00065AAE0 /* CharacterRow.swift in Sources */ = {isa = PBXBuildFile; fileRef = 87BAB5FC2C3310B00065AAE0 /* CharacterRow.swift */; };
		87BAB6002C3312150065AAE0 /* CachedAsyncImage in Frameworks */ = {isa = PBXBuildFile; productRef = 87BAB5FF2C3312150065AAE0 /* CachedAsyncImage */; };
		87BAB6052C332A820065AAE0 /* CustomColor.swift in Sources */ = {isa = PBXBuildFile; fileRef = 87BAB6042C332A820065AAE0 /* CustomColor.swift */; };
/* End PBXBuildFile section */

/* Begin PBXCopyFilesBuildPhase section */
		87BAB5BC2C32FC810065AAE0 /* Embed Frameworks */ = {
			isa = PBXCopyFilesBuildPhase;
			buildActionMask = 2147483647;
			dstPath = "";
			dstSubfolderSpec = 10;
			files = (
			);
			name = "Embed Frameworks";
			runOnlyForDeploymentPostprocessing = 0;
		};
/* End PBXCopyFilesBuildPhase section */

/* Begin PBXFileReference section */
		87BAB5942C32F73D0065AAE0 /* Rickpository.app */ = {isa = PBXFileReference; explicitFileType = wrapper.application; includeInIndex = 0; path = Rickpository.app; sourceTree = BUILT_PRODUCTS_DIR; };
		87BAB5972C32F73D0065AAE0 /* RickpositoryApp.swift */ = {isa = PBXFileReference; lastKnownFileType = sourcecode.swift; path = RickpositoryApp.swift; sourceTree = "<group>"; };
		87BAB5992C32F73D0065AAE0 /* ContentView.swift */ = {isa = PBXFileReference; lastKnownFileType = sourcecode.swift; path = ContentView.swift; sourceTree = "<group>"; };
		87BAB59B2C32F73E0065AAE0 /* Assets.xcassets */ = {isa = PBXFileReference; lastKnownFileType = folder.assetcatalog; path = Assets.xcassets; sourceTree = "<group>"; };
		87BAB59E2C32F73E0065AAE0 /* Preview Assets.xcassets */ = {isa = PBXFileReference; lastKnownFileType = folder.assetcatalog; path = "Preview Assets.xcassets"; sourceTree = "<group>"; };
		87BAB5C72C32FE470065AAE0 /* RickRepository.swift */ = {isa = PBXFileReference; lastKnownFileType = sourcecode.swift; path = RickRepository.swift; sourceTree = "<group>"; };
		87BAB5D02C32FEE10065AAE0 /* CharacterModel.swift */ = {isa = PBXFileReference; lastKnownFileType = sourcecode.swift; path = CharacterModel.swift; sourceTree = "<group>"; };
		87BAB5D32C32FF500065AAE0 /* CharacterResponse.swift */ = {isa = PBXFileReference; lastKnownFileType = sourcecode.swift; path = CharacterResponse.swift; sourceTree = "<group>"; };
		87BAB5D52C32FF6C0065AAE0 /* RemoteDataSource.swift */ = {isa = PBXFileReference; lastKnownFileType = sourcecode.swift; path = RemoteDataSource.swift; sourceTree = "<group>"; };
		87BAB5DA2C32FFCF0065AAE0 /* APICall.swift */ = {isa = PBXFileReference; lastKnownFileType = sourcecode.swift; path = APICall.swift; sourceTree = "<group>"; };
		87BAB5DD2C3300AC0065AAE0 /* CustomError.swift */ = {isa = PBXFileReference; lastKnownFileType = sourcecode.swift; path = CustomError.swift; sourceTree = "<group>"; };
		87BAB5E02C3302110065AAE0 /* CharacterEntity.swift */ = {isa = PBXFileReference; lastKnownFileType = sourcecode.swift; path = CharacterEntity.swift; sourceTree = "<group>"; };
		87BAB5E22C3302270065AAE0 /* LocalDataSource.swift */ = {isa = PBXFileReference; lastKnownFileType = sourcecode.swift; path = LocalDataSource.swift; sourceTree = "<group>"; };
		87BAB5E42C33039A0065AAE0 /* CharacterMapper.swift */ = {isa = PBXFileReference; lastKnownFileType = sourcecode.swift; path = CharacterMapper.swift; sourceTree = "<group>"; };
		87BAB5E62C33071B0065AAE0 /* Injection.swift */ = {isa = PBXFileReference; lastKnownFileType = sourcecode.swift; path = Injection.swift; sourceTree = "<group>"; };
		87BAB5E82C3307570065AAE0 /* HomeInteractor.swift */ = {isa = PBXFileReference; lastKnownFileType = sourcecode.swift; path = HomeInteractor.swift; sourceTree = "<group>"; };
		87BAB5EA2C3307B20065AAE0 /* DetailInteractor.swift */ = {isa = PBXFileReference; lastKnownFileType = sourcecode.swift; path = DetailInteractor.swift; sourceTree = "<group>"; };
		87BAB5EE2C3308AC0065AAE0 /* HomeView.swift */ = {isa = PBXFileReference; lastKnownFileType = sourcecode.swift; path = HomeView.swift; sourceTree = "<group>"; };
		87BAB5F12C33094B0065AAE0 /* HomeViewModel.swift */ = {isa = PBXFileReference; lastKnownFileType = sourcecode.swift; path = HomeViewModel.swift; sourceTree = "<group>"; };
		87BAB5F32C33099E0065AAE0 /* HomeRouter.swift */ = {isa = PBXFileReference; lastKnownFileType = sourcecode.swift; path = HomeRouter.swift; sourceTree = "<group>"; };
		87BAB5F62C330A4A0065AAE0 /* DetailView.swift */ = {isa = PBXFileReference; lastKnownFileType = sourcecode.swift; path = DetailView.swift; sourceTree = "<group>"; };
		87BAB5F82C330A5A0065AAE0 /* DetailViewModel.swift */ = {isa = PBXFileReference; lastKnownFileType = sourcecode.swift; path = DetailViewModel.swift; sourceTree = "<group>"; };
		87BAB5FA2C330A620065AAE0 /* DetailRouter.swift */ = {isa = PBXFileReference; lastKnownFileType = sourcecode.swift; path = DetailRouter.swift; sourceTree = "<group>"; };
		87BAB5FC2C3310B00065AAE0 /* CharacterRow.swift */ = {isa = PBXFileReference; lastKnownFileType = sourcecode.swift; path = CharacterRow.swift; sourceTree = "<group>"; };
		87BAB6042C332A820065AAE0 /* CustomColor.swift */ = {isa = PBXFileReference; lastKnownFileType = sourcecode.swift; path = CustomColor.swift; sourceTree = "<group>"; };
/* End PBXFileReference section */

/* Begin PBXFrameworksBuildPhase section */
		87BAB5912C32F73D0065AAE0 /* Frameworks */ = {
			isa = PBXFrameworksBuildPhase;
			buildActionMask = 2147483647;
			files = (
				87BAB6002C3312150065AAE0 /* CachedAsyncImage in Frameworks */,
				87BAB5C02C32FCAA0065AAE0 /* RealmSwift in Frameworks */,
				87BAB5C32C32FD4B0065AAE0 /* Alamofire in Frameworks */,
			);
			runOnlyForDeploymentPostprocessing = 0;
		};
/* End PBXFrameworksBuildPhase section */

/* Begin PBXGroup section */
		87BAB58B2C32F73D0065AAE0 = {
			isa = PBXGroup;
			children = (
				87BAB5962C32F73D0065AAE0 /* Rickpository */,
				87BAB5952C32F73D0065AAE0 /* Products */,
				87BAB5B62C32FC810065AAE0 /* Frameworks */,
			);
			sourceTree = "<group>";
		};
		87BAB5952C32F73D0065AAE0 /* Products */ = {
			isa = PBXGroup;
			children = (
				87BAB5942C32F73D0065AAE0 /* Rickpository.app */,
			);
			name = Products;
			sourceTree = "<group>";
		};
		87BAB5962C32F73D0065AAE0 /* Rickpository */ = {
			isa = PBXGroup;
			children = (
				87BAB5EC2C3308910065AAE0 /* Feature */,
				87BAB5C52C32FDF40065AAE0 /* Core */,
				87BAB5C42C32FDEF0065AAE0 /* App */,
				87BAB59B2C32F73E0065AAE0 /* Assets.xcassets */,
				87BAB59D2C32F73E0065AAE0 /* Preview Content */,
			);
			path = Rickpository;
			sourceTree = "<group>";
		};
		87BAB59D2C32F73E0065AAE0 /* Preview Content */ = {
			isa = PBXGroup;
			children = (
				87BAB59E2C32F73E0065AAE0 /* Preview Assets.xcassets */,
			);
			path = "Preview Content";
			sourceTree = "<group>";
		};
		87BAB5B62C32FC810065AAE0 /* Frameworks */ = {
			isa = PBXGroup;
			children = (
			);
			name = Frameworks;
			sourceTree = "<group>";
		};
		87BAB5C42C32FDEF0065AAE0 /* App */ = {
			isa = PBXGroup;
			children = (
				87BAB5972C32F73D0065AAE0 /* RickpositoryApp.swift */,
				87BAB5992C32F73D0065AAE0 /* ContentView.swift */,
			);
			path = App;
			sourceTree = "<group>";
		};
		87BAB5C52C32FDF40065AAE0 /* Core */ = {
			isa = PBXGroup;
			children = (
				87BAB5D72C32FFB00065AAE0 /* Utils */,
				87BAB5CD2C32FEA90065AAE0 /* DI */,
				87BAB5CC2C32FE9B0065AAE0 /* Domain */,
				87BAB5C62C32FE150065AAE0 /* Data */,
			);
			path = Core;
			sourceTree = "<group>";
		};
		87BAB5C62C32FE150065AAE0 /* Data */ = {
			isa = PBXGroup;
			children = (
				87BAB5CA2C32FE5A0065AAE0 /* Remote */,
				87BAB5C92C32FE540065AAE0 /* Local */,
				87BAB5C72C32FE470065AAE0 /* RickRepository.swift */,
			);
			path = Data;
			sourceTree = "<group>";
		};
		87BAB5C92C32FE540065AAE0 /* Local */ = {
			isa = PBXGroup;
			children = (
				87BAB5DF2C3301FE0065AAE0 /* Entity */,
				87BAB5E22C3302270065AAE0 /* LocalDataSource.swift */,
			);
			path = Local;
			sourceTree = "<group>";
		};
		87BAB5CA2C32FE5A0065AAE0 /* Remote */ = {
			isa = PBXGroup;
			children = (
				87BAB5D22C32FF460065AAE0 /* Response */,
				87BAB5D52C32FF6C0065AAE0 /* RemoteDataSource.swift */,
			);
			path = Remote;
			sourceTree = "<group>";
		};
		87BAB5CC2C32FE9B0065AAE0 /* Domain */ = {
			isa = PBXGroup;
			children = (
				87BAB5CF2C32FED50065AAE0 /* Model */,
				87BAB5CE2C32FECB0065AAE0 /* UseCase */,
			);
			path = Domain;
			sourceTree = "<group>";
		};
		87BAB5CD2C32FEA90065AAE0 /* DI */ = {
			isa = PBXGroup;
			children = (
				87BAB5E62C33071B0065AAE0 /* Injection.swift */,
			);
			path = DI;
			sourceTree = "<group>";
		};
		87BAB5CE2C32FECB0065AAE0 /* UseCase */ = {
			isa = PBXGroup;
			children = (
				87BAB5E82C3307570065AAE0 /* HomeInteractor.swift */,
				87BAB5EA2C3307B20065AAE0 /* DetailInteractor.swift */,
			);
			path = UseCase;
			sourceTree = "<group>";
		};
		87BAB5CF2C32FED50065AAE0 /* Model */ = {
			isa = PBXGroup;
			children = (
				87BAB5D02C32FEE10065AAE0 /* CharacterModel.swift */,
			);
			path = Model;
			sourceTree = "<group>";
		};
		87BAB5D22C32FF460065AAE0 /* Response */ = {
			isa = PBXGroup;
			children = (
				87BAB5D32C32FF500065AAE0 /* CharacterResponse.swift */,
			);
			path = Response;
			sourceTree = "<group>";
		};
		87BAB5D72C32FFB00065AAE0 /* Utils */ = {
			isa = PBXGroup;
			children = (
				87BAB5DC2C33009C0065AAE0 /* Extensions */,
				87BAB5D92C32FFC20065AAE0 /* Network */,
				87BAB5D82C32FFB50065AAE0 /* Mapper */,
			);
			path = Utils;
			sourceTree = "<group>";
		};
		87BAB5D82C32FFB50065AAE0 /* Mapper */ = {
			isa = PBXGroup;
			children = (
				87BAB5E42C33039A0065AAE0 /* CharacterMapper.swift */,
			);
			path = Mapper;
			sourceTree = "<group>";
		};
		87BAB5D92C32FFC20065AAE0 /* Network */ = {
			isa = PBXGroup;
			children = (
				87BAB5DA2C32FFCF0065AAE0 /* APICall.swift */,
			);
			path = Network;
			sourceTree = "<group>";
		};
		87BAB5DC2C33009C0065AAE0 /* Extensions */ = {
			isa = PBXGroup;
			children = (
				87BAB5DD2C3300AC0065AAE0 /* CustomError.swift */,
				87BAB6042C332A820065AAE0 /* CustomColor.swift */,
			);
			path = Extensions;
			sourceTree = "<group>";
		};
		87BAB5DF2C3301FE0065AAE0 /* Entity */ = {
			isa = PBXGroup;
			children = (
				87BAB5E02C3302110065AAE0 /* CharacterEntity.swift */,
			);
			path = Entity;
			sourceTree = "<group>";
		};
		87BAB5EC2C3308910065AAE0 /* Feature */ = {
			isa = PBXGroup;
			children = (
				87BAB5F52C330A3C0065AAE0 /* Detail */,
				87BAB5ED2C33089E0065AAE0 /* Home */,
			);
			path = Feature;
			sourceTree = "<group>";
		};
		87BAB5ED2C33089E0065AAE0 /* Home */ = {
			isa = PBXGroup;
			children = (
				87BAB5EE2C3308AC0065AAE0 /* HomeView.swift */,
				87BAB5F12C33094B0065AAE0 /* HomeViewModel.swift */,
				87BAB5F32C33099E0065AAE0 /* HomeRouter.swift */,
				87BAB5FC2C3310B00065AAE0 /* CharacterRow.swift */,
			);
			path = Home;
			sourceTree = "<group>";
		};
		87BAB5F52C330A3C0065AAE0 /* Detail */ = {
			isa = PBXGroup;
			children = (
				87BAB5F62C330A4A0065AAE0 /* DetailView.swift */,
				87BAB5F82C330A5A0065AAE0 /* DetailViewModel.swift */,
				87BAB5FA2C330A620065AAE0 /* DetailRouter.swift */,
			);
			path = Detail;
			sourceTree = "<group>";
		};
/* End PBXGroup section */

/* Begin PBXNativeTarget section */
		87BAB5932C32F73D0065AAE0 /* Rickpository */ = {
			isa = PBXNativeTarget;
			buildConfigurationList = 87BAB5A22C32F73E0065AAE0 /* Build configuration list for PBXNativeTarget "Rickpository" */;
			buildPhases = (
				87BAB5902C32F73D0065AAE0 /* Sources */,
				87BAB5912C32F73D0065AAE0 /* Frameworks */,
				87BAB5922C32F73D0065AAE0 /* Resources */,
				87BAB5BC2C32FC810065AAE0 /* Embed Frameworks */,
			);
			buildRules = (
			);
			dependencies = (
			);
			name = Rickpository;
			packageProductDependencies = (
				87BAB5BF2C32FCAA0065AAE0 /* RealmSwift */,
				87BAB5C22C32FD4B0065AAE0 /* Alamofire */,
				87BAB5FF2C3312150065AAE0 /* CachedAsyncImage */,
			);
			productName = Rickpository;
			productReference = 87BAB5942C32F73D0065AAE0 /* Rickpository.app */;
			productType = "com.apple.product-type.application";
		};
/* End PBXNativeTarget section */

/* Begin PBXProject section */
		87BAB58C2C32F73D0065AAE0 /* Project object */ = {
			isa = PBXProject;
			attributes = {
				BuildIndependentTargetsInParallel = 1;
				LastSwiftUpdateCheck = 1540;
				LastUpgradeCheck = 1540;
				TargetAttributes = {
					87BAB5932C32F73D0065AAE0 = {
						CreatedOnToolsVersion = 15.4;
					};
				};
			};
			buildConfigurationList = 87BAB58F2C32F73D0065AAE0 /* Build configuration list for PBXProject "Rickpository" */;
			compatibilityVersion = "Xcode 14.0";
			developmentRegion = en;
			hasScannedForEncodings = 0;
			knownRegions = (
				en,
				Base,
			);
			mainGroup = 87BAB58B2C32F73D0065AAE0;
			packageReferences = (
				87BAB5A82C32FA2A0065AAE0 /* XCRemoteSwiftPackageReference "Alamofire" */,
				87BAB5AD2C32FA9D0065AAE0 /* XCRemoteSwiftPackageReference "realm-swift" */,
				87BAB5FE2C3312150065AAE0 /* XCRemoteSwiftPackageReference "swiftui-cached-async-image" */,
			);
			productRefGroup = 87BAB5952C32F73D0065AAE0 /* Products */;
			projectDirPath = "";
			projectRoot = "";
			targets = (
				87BAB5932C32F73D0065AAE0 /* Rickpository */,
			);
		};
/* End PBXProject section */

/* Begin PBXResourcesBuildPhase section */
		87BAB5922C32F73D0065AAE0 /* Resources */ = {
			isa = PBXResourcesBuildPhase;
			buildActionMask = 2147483647;
			files = (
				87BAB59F2C32F73E0065AAE0 /* Preview Assets.xcassets in Resources */,
				87BAB59C2C32F73E0065AAE0 /* Assets.xcassets in Resources */,
			);
			runOnlyForDeploymentPostprocessing = 0;
		};
/* End PBXResourcesBuildPhase section */

/* Begin PBXSourcesBuildPhase section */
		87BAB5902C32F73D0065AAE0 /* Sources */ = {
			isa = PBXSourcesBuildPhase;
			buildActionMask = 2147483647;
			files = (
				87BAB5E32C3302270065AAE0 /* LocalDataSource.swift in Sources */,
				87BAB5F72C330A4A0065AAE0 /* DetailView.swift in Sources */,
				87BAB6052C332A820065AAE0 /* CustomColor.swift in Sources */,
				87BAB5C82C32FE470065AAE0 /* RickRepository.swift in Sources */,
				87BAB5E12C3302110065AAE0 /* CharacterEntity.swift in Sources */,
				87BAB5F22C33094B0065AAE0 /* HomeViewModel.swift in Sources */,
				87BAB5FB2C330A620065AAE0 /* DetailRouter.swift in Sources */,
				87BAB5EF2C3308AC0065AAE0 /* HomeView.swift in Sources */,
				87BAB5DE2C3300AC0065AAE0 /* CustomError.swift in Sources */,
				87BAB5F92C330A5A0065AAE0 /* DetailViewModel.swift in Sources */,
				87BAB5D12C32FEE10065AAE0 /* CharacterModel.swift in Sources */,
				87BAB5D42C32FF500065AAE0 /* CharacterResponse.swift in Sources */,
				87BAB5F42C33099E0065AAE0 /* HomeRouter.swift in Sources */,
				87BAB59A2C32F73D0065AAE0 /* ContentView.swift in Sources */,
				87BAB5E92C3307570065AAE0 /* HomeInteractor.swift in Sources */,
				87BAB5D62C32FF6C0065AAE0 /* RemoteDataSource.swift in Sources */,
				87BAB5DB2C32FFCF0065AAE0 /* APICall.swift in Sources */,
				87BAB5E72C33071B0065AAE0 /* Injection.swift in Sources */,
				87BAB5EB2C3307B20065AAE0 /* DetailInteractor.swift in Sources */,
				87BAB5982C32F73D0065AAE0 /* RickpositoryApp.swift in Sources */,
				87BAB5FD2C3310B00065AAE0 /* CharacterRow.swift in Sources */,
				87BAB5E52C33039A0065AAE0 /* CharacterMapper.swift in Sources */,
			);
			runOnlyForDeploymentPostprocessing = 0;
		};
/* End PBXSourcesBuildPhase section */

/* Begin XCBuildConfiguration section */
		87BAB5A02C32F73E0065AAE0 /* Debug */ = {
			isa = XCBuildConfiguration;
			buildSettings = {
				ALWAYS_SEARCH_USER_PATHS = NO;
				ASSETCATALOG_COMPILER_GENERATE_SWIFT_ASSET_SYMBOL_EXTENSIONS = YES;
				CLANG_ANALYZER_NONNULL = YES;
				CLANG_ANALYZER_NUMBER_OBJECT_CONVERSION = YES_AGGRESSIVE;
				CLANG_CXX_LANGUAGE_STANDARD = "gnu++20";
				CLANG_ENABLE_MODULES = YES;
				CLANG_ENABLE_OBJC_ARC = YES;
				CLANG_ENABLE_OBJC_WEAK = YES;
				CLANG_WARN_BLOCK_CAPTURE_AUTORELEASING = YES;
				CLANG_WARN_BOOL_CONVERSION = YES;
				CLANG_WARN_COMMA = YES;
				CLANG_WARN_CONSTANT_CONVERSION = YES;
				CLANG_WARN_DEPRECATED_OBJC_IMPLEMENTATIONS = YES;
				CLANG_WARN_DIRECT_OBJC_ISA_USAGE = YES_ERROR;
				CLANG_WARN_DOCUMENTATION_COMMENTS = YES;
				CLANG_WARN_EMPTY_BODY = YES;
				CLANG_WARN_ENUM_CONVERSION = YES;
				CLANG_WARN_INFINITE_RECURSION = YES;
				CLANG_WARN_INT_CONVERSION = YES;
				CLANG_WARN_NON_LITERAL_NULL_CONVERSION = YES;
				CLANG_WARN_OBJC_IMPLICIT_RETAIN_SELF = YES;
				CLANG_WARN_OBJC_LITERAL_CONVERSION = YES;
				CLANG_WARN_OBJC_ROOT_CLASS = YES_ERROR;
				CLANG_WARN_QUOTED_INCLUDE_IN_FRAMEWORK_HEADER = YES;
				CLANG_WARN_RANGE_LOOP_ANALYSIS = YES;
				CLANG_WARN_STRICT_PROTOTYPES = YES;
				CLANG_WARN_SUSPICIOUS_MOVE = YES;
				CLANG_WARN_UNGUARDED_AVAILABILITY = YES_AGGRESSIVE;
				CLANG_WARN_UNREACHABLE_CODE = YES;
				CLANG_WARN__DUPLICATE_METHOD_MATCH = YES;
				COPY_PHASE_STRIP = NO;
				DEBUG_INFORMATION_FORMAT = dwarf;
				ENABLE_STRICT_OBJC_MSGSEND = YES;
				ENABLE_TESTABILITY = YES;
				ENABLE_USER_SCRIPT_SANDBOXING = YES;
				GCC_C_LANGUAGE_STANDARD = gnu17;
				GCC_DYNAMIC_NO_PIC = NO;
				GCC_NO_COMMON_BLOCKS = YES;
				GCC_OPTIMIZATION_LEVEL = 0;
				GCC_PREPROCESSOR_DEFINITIONS = (
					"DEBUG=1",
					"$(inherited)",
				);
				GCC_WARN_64_TO_32_BIT_CONVERSION = YES;
				GCC_WARN_ABOUT_RETURN_TYPE = YES_ERROR;
				GCC_WARN_UNDECLARED_SELECTOR = YES;
				GCC_WARN_UNINITIALIZED_AUTOS = YES_AGGRESSIVE;
				GCC_WARN_UNUSED_FUNCTION = YES;
				GCC_WARN_UNUSED_VARIABLE = YES;
				IPHONEOS_DEPLOYMENT_TARGET = 17.5;
				LOCALIZATION_PREFERS_STRING_CATALOGS = YES;
				MTL_ENABLE_DEBUG_INFO = INCLUDE_SOURCE;
				MTL_FAST_MATH = YES;
				ONLY_ACTIVE_ARCH = YES;
				SDKROOT = iphoneos;
				SWIFT_ACTIVE_COMPILATION_CONDITIONS = "DEBUG $(inherited)";
				SWIFT_OPTIMIZATION_LEVEL = "-Onone";
			};
			name = Debug;
		};
		87BAB5A12C32F73E0065AAE0 /* Release */ = {
			isa = XCBuildConfiguration;
			buildSettings = {
				ALWAYS_SEARCH_USER_PATHS = NO;
				ASSETCATALOG_COMPILER_GENERATE_SWIFT_ASSET_SYMBOL_EXTENSIONS = YES;
				CLANG_ANALYZER_NONNULL = YES;
				CLANG_ANALYZER_NUMBER_OBJECT_CONVERSION = YES_AGGRESSIVE;
				CLANG_CXX_LANGUAGE_STANDARD = "gnu++20";
				CLANG_ENABLE_MODULES = YES;
				CLANG_ENABLE_OBJC_ARC = YES;
				CLANG_ENABLE_OBJC_WEAK = YES;
				CLANG_WARN_BLOCK_CAPTURE_AUTORELEASING = YES;
				CLANG_WARN_BOOL_CONVERSION = YES;
				CLANG_WARN_COMMA = YES;
				CLANG_WARN_CONSTANT_CONVERSION = YES;
				CLANG_WARN_DEPRECATED_OBJC_IMPLEMENTATIONS = YES;
				CLANG_WARN_DIRECT_OBJC_ISA_USAGE = YES_ERROR;
				CLANG_WARN_DOCUMENTATION_COMMENTS = YES;
				CLANG_WARN_EMPTY_BODY = YES;
				CLANG_WARN_ENUM_CONVERSION = YES;
				CLANG_WARN_INFINITE_RECURSION = YES;
				CLANG_WARN_INT_CONVERSION = YES;
				CLANG_WARN_NON_LITERAL_NULL_CONVERSION = YES;
				CLANG_WARN_OBJC_IMPLICIT_RETAIN_SELF = YES;
				CLANG_WARN_OBJC_LITERAL_CONVERSION = YES;
				CLANG_WARN_OBJC_ROOT_CLASS = YES_ERROR;
				CLANG_WARN_QUOTED_INCLUDE_IN_FRAMEWORK_HEADER = YES;
				CLANG_WARN_RANGE_LOOP_ANALYSIS = YES;
				CLANG_WARN_STRICT_PROTOTYPES = YES;
				CLANG_WARN_SUSPICIOUS_MOVE = YES;
				CLANG_WARN_UNGUARDED_AVAILABILITY = YES_AGGRESSIVE;
				CLANG_WARN_UNREACHABLE_CODE = YES;
				CLANG_WARN__DUPLICATE_METHOD_MATCH = YES;
				COPY_PHASE_STRIP = NO;
				DEBUG_INFORMATION_FORMAT = "dwarf-with-dsym";
				ENABLE_NS_ASSERTIONS = NO;
				ENABLE_STRICT_OBJC_MSGSEND = YES;
				ENABLE_USER_SCRIPT_SANDBOXING = YES;
				GCC_C_LANGUAGE_STANDARD = gnu17;
				GCC_NO_COMMON_BLOCKS = YES;
				GCC_WARN_64_TO_32_BIT_CONVERSION = YES;
				GCC_WARN_ABOUT_RETURN_TYPE = YES_ERROR;
				GCC_WARN_UNDECLARED_SELECTOR = YES;
				GCC_WARN_UNINITIALIZED_AUTOS = YES_AGGRESSIVE;
				GCC_WARN_UNUSED_FUNCTION = YES;
				GCC_WARN_UNUSED_VARIABLE = YES;
				IPHONEOS_DEPLOYMENT_TARGET = 17.5;
				LOCALIZATION_PREFERS_STRING_CATALOGS = YES;
				MTL_ENABLE_DEBUG_INFO = NO;
				MTL_FAST_MATH = YES;
				SDKROOT = iphoneos;
				SWIFT_COMPILATION_MODE = wholemodule;
				VALIDATE_PRODUCT = YES;
			};
			name = Release;
		};
		87BAB5A32C32F73E0065AAE0 /* Debug */ = {
			isa = XCBuildConfiguration;
			buildSettings = {
				ASSETCATALOG_COMPILER_APPICON_NAME = AppIcon;
				ASSETCATALOG_COMPILER_GLOBAL_ACCENT_COLOR_NAME = AccentColor;
				CODE_SIGN_STYLE = Automatic;
				CURRENT_PROJECT_VERSION = 1;
				DEVELOPMENT_ASSET_PATHS = "\"Rickpository/Preview Content\"";
				ENABLE_PREVIEWS = YES;
				GENERATE_INFOPLIST_FILE = YES;
				INFOPLIST_KEY_UIApplicationSceneManifest_Generation = YES;
				INFOPLIST_KEY_UIApplicationSupportsIndirectInputEvents = YES;
				INFOPLIST_KEY_UILaunchScreen_Generation = YES;
				INFOPLIST_KEY_UISupportedInterfaceOrientations_iPad = "UIInterfaceOrientationPortrait UIInterfaceOrientationPortraitUpsideDown UIInterfaceOrientationLandscapeLeft UIInterfaceOrientationLandscapeRight";
				INFOPLIST_KEY_UISupportedInterfaceOrientations_iPhone = "UIInterfaceOrientationPortrait UIInterfaceOrientationLandscapeLeft UIInterfaceOrientationLandscapeRight";
				LD_RUNPATH_SEARCH_PATHS = (
					"$(inherited)",
					"@executable_path/Frameworks",
				);
				MARKETING_VERSION = 1.0;
				PRODUCT_BUNDLE_IDENTIFIER = id.neotica.Rickpository;
				PRODUCT_NAME = "$(TARGET_NAME)";
				SWIFT_EMIT_LOC_STRINGS = YES;
				SWIFT_VERSION = 5.0;
				TARGETED_DEVICE_FAMILY = "1,2";
			};
			name = Debug;
		};
		87BAB5A42C32F73E0065AAE0 /* Release */ = {
			isa = XCBuildConfiguration;
			buildSettings = {
				ASSETCATALOG_COMPILER_APPICON_NAME = AppIcon;
				ASSETCATALOG_COMPILER_GLOBAL_ACCENT_COLOR_NAME = AccentColor;
				CODE_SIGN_STYLE = Automatic;
				CURRENT_PROJECT_VERSION = 1;
				DEVELOPMENT_ASSET_PATHS = "\"Rickpository/Preview Content\"";
				ENABLE_PREVIEWS = YES;
				GENERATE_INFOPLIST_FILE = YES;
				INFOPLIST_KEY_UIApplicationSceneManifest_Generation = YES;
				INFOPLIST_KEY_UIApplicationSupportsIndirectInputEvents = YES;
				INFOPLIST_KEY_UILaunchScreen_Generation = YES;
				INFOPLIST_KEY_UISupportedInterfaceOrientations_iPad = "UIInterfaceOrientationPortrait UIInterfaceOrientationPortraitUpsideDown UIInterfaceOrientationLandscapeLeft UIInterfaceOrientationLandscapeRight";
				INFOPLIST_KEY_UISupportedInterfaceOrientations_iPhone = "UIInterfaceOrientationPortrait UIInterfaceOrientationLandscapeLeft UIInterfaceOrientationLandscapeRight";
				LD_RUNPATH_SEARCH_PATHS = (
					"$(inherited)",
					"@executable_path/Frameworks",
				);
				MARKETING_VERSION = 1.0;
				PRODUCT_BUNDLE_IDENTIFIER = id.neotica.Rickpository;
				PRODUCT_NAME = "$(TARGET_NAME)";
				SWIFT_EMIT_LOC_STRINGS = YES;
				SWIFT_VERSION = 5.0;
				TARGETED_DEVICE_FAMILY = "1,2";
			};
			name = Release;
		};
/* End XCBuildConfiguration section */

/* Begin XCConfigurationList section */
		87BAB58F2C32F73D0065AAE0 /* Build configuration list for PBXProject "Rickpository" */ = {
			isa = XCConfigurationList;
			buildConfigurations = (
				87BAB5A02C32F73E0065AAE0 /* Debug */,
				87BAB5A12C32F73E0065AAE0 /* Release */,
			);
			defaultConfigurationIsVisible = 0;
			defaultConfigurationName = Release;
		};
		87BAB5A22C32F73E0065AAE0 /* Build configuration list for PBXNativeTarget "Rickpository" */ = {
			isa = XCConfigurationList;
			buildConfigurations = (
				87BAB5A32C32F73E0065AAE0 /* Debug */,
				87BAB5A42C32F73E0065AAE0 /* Release */,
			);
			defaultConfigurationIsVisible = 0;
			defaultConfigurationName = Release;
		};
/* End XCConfigurationList section */

/* Begin XCRemoteSwiftPackageReference section */
		87BAB5A82C32FA2A0065AAE0 /* XCRemoteSwiftPackageReference "Alamofire" */ = {
			isa = XCRemoteSwiftPackageReference;
			repositoryURL = "https://github.com/Alamofire/Alamofire.git";
			requirement = {
				kind = upToNextMajorVersion;
				minimumVersion = 5.9.1;
			};
		};
		87BAB5AD2C32FA9D0065AAE0 /* XCRemoteSwiftPackageReference "realm-swift" */ = {
			isa = XCRemoteSwiftPackageReference;
			repositoryURL = "https://github.com/realm/realm-swift.git";
			requirement = {
				branch = master;
				kind = branch;
			};
		};
		87BAB5FE2C3312150065AAE0 /* XCRemoteSwiftPackageReference "swiftui-cached-async-image" */ = {
			isa = XCRemoteSwiftPackageReference;
			repositoryURL = "https://github.com/lorenzofiamingo/swiftui-cached-async-image";
			requirement = {
				kind = upToNextMajorVersion;
				minimumVersion = 2.1.1;
			};
		};
/* End XCRemoteSwiftPackageReference section */

/* Begin XCSwiftPackageProductDependency section */
		87BAB5BF2C32FCAA0065AAE0 /* RealmSwift */ = {
			isa = XCSwiftPackageProductDependency;
			package = 87BAB5AD2C32FA9D0065AAE0 /* XCRemoteSwiftPackageReference "realm-swift" */;
			productName = RealmSwift;
		};
		87BAB5C22C32FD4B0065AAE0 /* Alamofire */ = {
			isa = XCSwiftPackageProductDependency;
			package = 87BAB5A82C32FA2A0065AAE0 /* XCRemoteSwiftPackageReference "Alamofire" */;
			productName = Alamofire;
		};
		87BAB5FF2C3312150065AAE0 /* CachedAsyncImage */ = {
			isa = XCSwiftPackageProductDependency;
			package = 87BAB5FE2C3312150065AAE0 /* XCRemoteSwiftPackageReference "swiftui-cached-async-image" */;
			productName = CachedAsyncImage;
		};
/* End XCSwiftPackageProductDependency section */
	};
	rootObject = 87BAB58C2C32F73D0065AAE0 /* Project object */;
}
